
Microsoft Visual Studio Solution File, Format Version 12.00
# Visual Studio Version 17
VisualStudioVersion = 17.0.31903.59
MinimumVisualStudioVersion = 10.0.40219.1
Project("{FAE04EC0-301F-11D3-BF4B-00C04F79EFBC}") = "Lab3_bt3", "Lab3_bt3\Lab3_bt3.csproj", "{F56DB3BA-EBB9-46DC-ABCD-C6FC4BDA8DA3}"
EndProject
Global
	GlobalSection(SolutionConfigurationPlatforms) = preSolution
		Debug|Any CPU = Debug|Any CPU
		Release|Any CPU = Release|Any CPU
	EndGlobalSection
	GlobalSection(ProjectConfigurationPlatforms) = postSolution
		{F56DB3BA-EBB9-46DC-ABCD-C6FC4BDA8DA3}.Debug|Any CPU.ActiveCfg = Debug|Any CPU
		{F56DB3BA-EBB9-46DC-ABCD-C6FC4BDA8DA3}.Debug|Any CPU.Build.0 = Debug|Any CPU
		{F56DB3BA-EBB9-46DC-ABCD-C6FC4BDA8DA3}.Release|Any CPU.ActiveCfg = Release|Any CPU
		{F56DB3BA-EBB9-46DC-ABCD-C6FC4BDA8DA3}.Release|Any CPU.Build.0 = Release|Any CPU
	EndGlobalSection
	GlobalSection(SolutionProperties) = preSolution
		HideSolutionNode = FALSE
	EndGlobalSection
	GlobalSection(ExtensibilityGlobals) = postSolution
		SolutionGuid = {A1D824B3-DFAA-4EAA-B046-4856992A0230}
	EndGlobalSection
EndGlobal
