
Microsoft Visual Studio Solution File, Format Version 12.00
# Visual Studio Version 17
VisualStudioVersion = 17.0.31903.59
MinimumVisualStudioVersion = 10.0.40219.1
Project("{FAE04EC0-301F-11D3-BF4B-00C04F79EFBC}") = "Lab3_bt1", "Lab3_bt1\Lab3_bt1.csproj", "{192A7D5D-3AAD-4F3E-909C-4712541E2585}"
EndProject
Global
	GlobalSection(SolutionConfigurationPlatforms) = preSolution
		Debug|Any CPU = Debug|Any CPU
		Release|Any CPU = Release|Any CPU
	EndGlobalSection
	GlobalSection(ProjectConfigurationPlatforms) = postSolution
		{192A7D5D-3AAD-4F3E-909C-4712541E2585}.Debug|Any CPU.ActiveCfg = Debug|Any CPU
		{192A7D5D-3AAD-4F3E-909C-4712541E2585}.Debug|Any CPU.Build.0 = Debug|Any CPU
		{192A7D5D-3AAD-4F3E-909C-4712541E2585}.Release|Any CPU.ActiveCfg = Release|Any CPU
		{192A7D5D-3AAD-4F3E-909C-4712541E2585}.Release|Any CPU.Build.0 = Release|Any CPU
	EndGlobalSection
	GlobalSection(SolutionProperties) = preSolution
		HideSolutionNode = FALSE
	EndGlobalSection
	GlobalSection(ExtensibilityGlobals) = postSolution
		SolutionGuid = {A0B9481F-2C53-44F1-B74A-86E10F0D718F}
	EndGlobalSection
EndGlobal
